
Microsoft Visual Studio Solution File, Format Version 12.00
# Visual Studio Version 16
VisualStudioVersion = 16.0.30225.117
MinimumVisualStudioVersion = 10.0.40219.1
Project("{FAE04EC0-301F-11D3-BF4B-00C04F79EFBC}") = "COM3D2_DLC_Checker", "COM3D2_DLC_Checker.csproj", "{E99B9699-F0CF-4AFD-B351-30864C4156D5}"
EndProject
Global
	GlobalSection(SolutionConfigurationPlatforms) = preSolution
		Debug|Any CPU = Debug|Any CPU
		Release|Any CPU = Release|Any CPU
	EndGlobalSection
	GlobalSection(ProjectConfigurationPlatforms) = postSolution
		{E99B9699-F0CF-4AFD-B351-30864C4156D5}.Debug|Any CPU.ActiveCfg = Debug|Any CPU
		{E99B9699-F0CF-4AFD-B351-30864C4156D5}.Debug|Any CPU.Build.0 = Debug|Any CPU
		{E99B9699-F0CF-4AFD-B351-30864C4156D5}.Release|Any CPU.ActiveCfg = Release|Any CPU
		{E99B9699-F0CF-4AFD-B351-30864C4156D5}.Release|Any CPU.Build.0 = Release|Any CPU
	EndGlobalSection
	GlobalSection(SolutionProperties) = preSolution
		HideSolutionNode = FALSE
	EndGlobalSection
	GlobalSection(ExtensibilityGlobals) = postSolution
		SolutionGuid = {B270D52F-822C-4DED-997B-D8A235E3C7BF}
	EndGlobalSection
EndGlobal
